// !$*UTF8*$!
{
	archiveVersion = 1;
	classes = {
	};
	objectVersion = 77;
	objects = {

/* Begin PBXContainerItemProxy section */
		637942AA2DD39BFF0081907D /* PBXContainerItemProxy */ = {
			isa = PBXContainerItemProxy;
			containerPortal = 637942912DD39BFE0081907D /* Project object */;
			proxyType = 1;
			remoteGlobalIDString = 637942982DD39BFE0081907D;
			remoteInfo = MarvelDeck;
		};
		637942B42DD39BFF0081907D /* PBXContainerItemProxy */ = {
			isa = PBXContainerItemProxy;
			containerPortal = 637942912DD39BFE0081907D /* Project object */;
			proxyType = 1;
			remoteGlobalIDString = 637942982DD39BFE0081907D;
			remoteInfo = MarvelDeck;
		};
/* End PBXContainerItemProxy section */

/* Begin PBXFileReference section */
		637942992DD39BFE0081907D /* MarvelDeck.app */ = {isa = PBXFileReference; explicitFileType = wrapper.application; includeInIndex = 0; path = MarvelDeck.app; sourceTree = BUILT_PRODUCTS_DIR; };
		637942A92DD39BFF0081907D /* MarvelDeckTests.xctest */ = {isa = PBXFileReference; explicitFileType = wrapper.cfbundle; includeInIndex = 0; path = MarvelDeckTests.xctest; sourceTree = BUILT_PRODUCTS_DIR; };
		637942B32DD39BFF0081907D /* MarvelDeckUITests.xctest */ = {isa = PBXFileReference; explicitFileType = wrapper.cfbundle; includeInIndex = 0; path = MarvelDeckUITests.xctest; sourceTree = BUILT_PRODUCTS_DIR; };
		63B829A02DD3CFFE0099B65B /* MarvelDeck.xctestplan */ = {isa = PBXFileReference; lastKnownFileType = text; path = MarvelDeck.xctestplan; sourceTree = "<group>"; };
/* End PBXFileReference section */

/* Begin PBXFileSystemSynchronizedBuildFileExceptionSet section */
		637943132DD39D650081907D /* Exceptions for "MarvelDeck" folder in "MarvelDeck" target */ = {
			isa = PBXFileSystemSynchronizedBuildFileExceptionSet;
			membershipExceptions = (
				Info.plist,
			);
			target = 637942982DD39BFE0081907D /* MarvelDeck */;
		};
/* End PBXFileSystemSynchronizedBuildFileExceptionSet section */

/* Begin PBXFileSystemSynchronizedRootGroup section */
		6379429B2DD39BFE0081907D /* MarvelDeck */ = {
			isa = PBXFileSystemSynchronizedRootGroup;
			exceptions = (
				637943132DD39D650081907D /* Exceptions for "MarvelDeck" folder in "MarvelDeck" target */,
			);
			path = MarvelDeck;
			sourceTree = "<group>";
		};
		637942AC2DD39BFF0081907D /* MarvelDeckTests */ = {
			isa = PBXFileSystemSynchronizedRootGroup;
			path = MarvelDeckTests;
			sourceTree = "<group>";
		};
		637942B62DD39BFF0081907D /* MarvelDeckUITests */ = {
			isa = PBXFileSystemSynchronizedRootGroup;
			path = MarvelDeckUITests;
			sourceTree = "<group>";
		};
/* End PBXFileSystemSynchronizedRootGroup section */

/* Begin PBXFrameworksBuildPhase section */
		637942962DD39BFE0081907D /* Frameworks */ = {
			isa = PBXFrameworksBuildPhase;
			buildActionMask = 2147483647;
			files = (
			);
			runOnlyForDeploymentPostprocessing = 0;
		};
		637942A62DD39BFF0081907D /* Frameworks */ = {
			isa = PBXFrameworksBuildPhase;
			buildActionMask = 2147483647;
			files = (
			);
			runOnlyForDeploymentPostprocessing = 0;
		};
		637942B02DD39BFF0081907D /* Frameworks */ = {
			isa = PBXFrameworksBuildPhase;
			buildActionMask = 2147483647;
			files = (
			);
			runOnlyForDeploymentPostprocessing = 0;
		};
/* End PBXFrameworksBuildPhase section */

/* Begin PBXGroup section */
		637942902DD39BFE0081907D = {
			isa = PBXGroup;
			children = (
				63B829A02DD3CFFE0099B65B /* MarvelDeck.xctestplan */,
				6379429B2DD39BFE0081907D /* MarvelDeck */,
				637942AC2DD39BFF0081907D /* MarvelDeckTests */,
				637942B62DD39BFF0081907D /* MarvelDeckUITests */,
				6379429A2DD39BFE0081907D /* Products */,
			);
			sourceTree = "<group>";
		};
		6379429A2DD39BFE0081907D /* Products */ = {
			isa = PBXGroup;
			children = (
				637942992DD39BFE0081907D /* MarvelDeck.app */,
				637942A92DD39BFF0081907D /* MarvelDeckTests.xctest */,
				637942B32DD39BFF0081907D /* MarvelDeckUITests.xctest */,
			);
			name = Products;
			sourceTree = "<group>";
		};
/* End PBXGroup section */

/* Begin PBXNativeTarget section */
		637942982DD39BFE0081907D /* MarvelDeck */ = {
			isa = PBXNativeTarget;
			buildConfigurationList = 637942BD2DD39BFF0081907D /* Build configuration list for PBXNativeTarget "MarvelDeck" */;
			buildPhases = (
				637942952DD39BFE0081907D /* Sources */,
				637942962DD39BFE0081907D /* Frameworks */,
				637942972DD39BFE0081907D /* Resources */,
			);
			buildRules = (
			);
			dependencies = (
			);
			fileSystemSynchronizedGroups = (
				6379429B2DD39BFE0081907D /* MarvelDeck */,
			);
			name = MarvelDeck;
			packageProductDependencies = (
			);
			productName = MarvelDeck;
			productReference = 637942992DD39BFE0081907D /* MarvelDeck.app */;
			productType = "com.apple.product-type.application";
		};
		637942A82DD39BFF0081907D /* MarvelDeckTests */ = {
			isa = PBXNativeTarget;
			buildConfigurationList = 637942C02DD39BFF0081907D /* Build configuration list for PBXNativeTarget "MarvelDeckTests" */;
			buildPhases = (
				637942A52DD39BFF0081907D /* Sources */,
				637942A62DD39BFF0081907D /* Frameworks */,
				637942A72DD39BFF0081907D /* Resources */,
			);
			buildRules = (
			);
			dependencies = (
				637942AB2DD39BFF0081907D /* PBXTargetDependency */,
			);
			fileSystemSynchronizedGroups = (
				637942AC2DD39BFF0081907D /* MarvelDeckTests */,
			);
			name = MarvelDeckTests;
			packageProductDependencies = (
			);
			productName = MarvelDeckTests;
			productReference = 637942A92DD39BFF0081907D /* MarvelDeckTests.xctest */;
			productType = "com.apple.product-type.bundle.unit-test";
		};
		637942B22DD39BFF0081907D /* MarvelDeckUITests */ = {
			isa = PBXNativeTarget;
			buildConfigurationList = 637942C32DD39BFF0081907D /* Build configuration list for PBXNativeTarget "MarvelDeckUITests" */;
			buildPhases = (
				637942AF2DD39BFF0081907D /* Sources */,
				637942B02DD39BFF0081907D /* Frameworks */,
				637942B12DD39BFF0081907D /* Resources */,
			);
			buildRules = (
			);
			dependencies = (
				637942B52DD39BFF0081907D /* PBXTargetDependency */,
			);
			fileSystemSynchronizedGroups = (
				637942B62DD39BFF0081907D /* MarvelDeckUITests */,
			);
			name = MarvelDeckUITests;
			packageProductDependencies = (
			);
			productName = MarvelDeckUITests;
			productReference = 637942B32DD39BFF0081907D /* MarvelDeckUITests.xctest */;
			productType = "com.apple.product-type.bundle.ui-testing";
		};
/* End PBXNativeTarget section */

/* Begin PBXProject section */
		637942912DD39BFE0081907D /* Project object */ = {
			isa = PBXProject;
			attributes = {
				BuildIndependentTargetsInParallel = 1;
				LastSwiftUpdateCheck = 1620;
				LastUpgradeCheck = 1620;
				TargetAttributes = {
					637942982DD39BFE0081907D = {
						CreatedOnToolsVersion = 16.2;
					};
					637942A82DD39BFF0081907D = {
						CreatedOnToolsVersion = 16.2;
						TestTargetID = 637942982DD39BFE0081907D;
					};
					637942B22DD39BFF0081907D = {
						CreatedOnToolsVersion = 16.2;
						TestTargetID = 637942982DD39BFE0081907D;
					};
				};
			};
			buildConfigurationList = 637942942DD39BFE0081907D /* Build configuration list for PBXProject "MarvelDeck" */;
			developmentRegion = en;
			hasScannedForEncodings = 0;
			knownRegions = (
				en,
				Base,
			);
			mainGroup = 637942902DD39BFE0081907D;
			minimizedProjectReferenceProxies = 1;
			preferredProjectObjectVersion = 77;
			productRefGroup = 6379429A2DD39BFE0081907D /* Products */;
			projectDirPath = "";
			projectRoot = "";
			targets = (
				637942982DD39BFE0081907D /* MarvelDeck */,
				637942A82DD39BFF0081907D /* MarvelDeckTests */,
				637942B22DD39BFF0081907D /* MarvelDeckUITests */,
			);
		};
/* End PBXProject section */

/* Begin PBXResourcesBuildPhase section */
		637942972DD39BFE0081907D /* Resources */ = {
			isa = PBXResourcesBuildPhase;
			buildActionMask = 2147483647;
			files = (
			);
			runOnlyForDeploymentPostprocessing = 0;
		};
		637942A72DD39BFF0081907D /* Resources */ = {
			isa = PBXResourcesBuildPhase;
			buildActionMask = 2147483647;
			files = (
			);
			runOnlyForDeploymentPostprocessing = 0;
		};
		637942B12DD39BFF0081907D /* Resources */ = {
			isa = PBXResourcesBuildPhase;
			buildActionMask = 2147483647;
			files = (
			);
			runOnlyForDeploymentPostprocessing = 0;
		};
/* End PBXResourcesBuildPhase section */

/* Begin PBXSourcesBuildPhase section */
		637942952DD39BFE0081907D /* Sources */ = {
			isa = PBXSourcesBuildPhase;
			buildActionMask = 2147483647;
			files = (
			);
			runOnlyForDeploymentPostprocessing = 0;
		};
		637942A52DD39BFF0081907D /* Sources */ = {
			isa = PBXSourcesBuildPhase;
			buildActionMask = 2147483647;
			files = (
			);
			runOnlyForDeploymentPostprocessing = 0;
		};
		637942AF2DD39BFF0081907D /* Sources */ = {
			isa = PBXSourcesBuildPhase;
			buildActionMask = 2147483647;
			files = (
			);
			runOnlyForDeploymentPostprocessing = 0;
		};
/* End PBXSourcesBuildPhase section */

/* Begin PBXTargetDependency section */
		637942AB2DD39BFF0081907D /* PBXTargetDependency */ = {
			isa = PBXTargetDependency;
			target = 637942982DD39BFE0081907D /* MarvelDeck */;
			targetProxy = 637942AA2DD39BFF0081907D /* PBXContainerItemProxy */;
		};
		637942B52DD39BFF0081907D /* PBXTargetDependency */ = {
			isa = PBXTargetDependency;
			target = 637942982DD39BFE0081907D /* MarvelDeck */;
			targetProxy = 637942B42DD39BFF0081907D /* PBXContainerItemProxy */;
		};
/* End PBXTargetDependency section */

/* Begin XCBuildConfiguration section */
		637942BB2DD39BFF0081907D /* Debug */ = {
			isa = XCBuildConfiguration;
			baseConfigurationReferenceAnchor = 6379429B2DD39BFE0081907D /* MarvelDeck */;
			baseConfigurationReferenceRelativePath = "Supporting Files/Configuration.xcconfig";
			buildSettings = {
				ALWAYS_SEARCH_USER_PATHS = NO;
				ASSETCATALOG_COMPILER_GENERATE_SWIFT_ASSET_SYMBOL_EXTENSIONS = YES;
				CLANG_ANALYZER_NONNULL = YES;
				CLANG_ANALYZER_NUMBER_OBJECT_CONVERSION = YES_AGGRESSIVE;
				CLANG_CXX_LANGUAGE_STANDARD = "gnu++20";
				CLANG_ENABLE_MODULES = YES;
				CLANG_ENABLE_OBJC_ARC = YES;
				CLANG_ENABLE_OBJC_WEAK = YES;
				CLANG_WARN_BLOCK_CAPTURE_AUTORELEASING = YES;
				CLANG_WARN_BOOL_CONVERSION = YES;
				CLANG_WARN_COMMA = YES;
				CLANG_WARN_CONSTANT_CONVERSION = YES;
				CLANG_WARN_DEPRECATED_OBJC_IMPLEMENTATIONS = YES;
				CLANG_WARN_DIRECT_OBJC_ISA_USAGE = YES_ERROR;
				CLANG_WARN_DOCUMENTATION_COMMENTS = YES;
				CLANG_WARN_EMPTY_BODY = YES;
				CLANG_WARN_ENUM_CONVERSION = YES;
				CLANG_WARN_INFINITE_RECURSION = YES;
				CLANG_WARN_INT_CONVERSION = YES;
				CLANG_WARN_NON_LITERAL_NULL_CONVERSION = YES;
				CLANG_WARN_OBJC_IMPLICIT_RETAIN_SELF = YES;
				CLANG_WARN_OBJC_LITERAL_CONVERSION = YES;
				CLANG_WARN_OBJC_ROOT_CLASS = YES_ERROR;
				CLANG_WARN_QUOTED_INCLUDE_IN_FRAMEWORK_HEADER = YES;
				CLANG_WARN_RANGE_LOOP_ANALYSIS = YES;
				CLANG_WARN_STRICT_PROTOTYPES = YES;
				CLANG_WARN_SUSPICIOUS_MOVE = YES;
				CLANG_WARN_UNGUARDED_AVAILABILITY = YES_AGGRESSIVE;
				CLANG_WARN_UNREACHABLE_CODE = YES;
				CLANG_WARN__DUPLICATE_METHOD_MATCH = YES;
				COPY_PHASE_STRIP = NO;
				DEBUG_INFORMATION_FORMAT = dwarf;
				ENABLE_STRICT_OBJC_MSGSEND = YES;
				ENABLE_TESTABILITY = YES;
				ENABLE_USER_SCRIPT_SANDBOXING = YES;
				GCC_C_LANGUAGE_STANDARD = gnu17;
				GCC_DYNAMIC_NO_PIC = NO;
				GCC_NO_COMMON_BLOCKS = YES;
				GCC_OPTIMIZATION_LEVEL = 0;
				GCC_PREPROCESSOR_DEFINITIONS = (
					"DEBUG=1",
					"$(inherited)",
				);
				GCC_WARN_64_TO_32_BIT_CONVERSION = YES;
				GCC_WARN_ABOUT_RETURN_TYPE = YES_ERROR;
				GCC_WARN_UNDECLARED_SELECTOR = YES;
				GCC_WARN_UNINITIALIZED_AUTOS = YES_AGGRESSIVE;
				GCC_WARN_UNUSED_FUNCTION = YES;
				GCC_WARN_UNUSED_VARIABLE = YES;
				IPHONEOS_DEPLOYMENT_TARGET = 18.2;
				LOCALIZATION_PREFERS_STRING_CATALOGS = YES;
				MTL_ENABLE_DEBUG_INFO = INCLUDE_SOURCE;
				MTL_FAST_MATH = YES;
				ONLY_ACTIVE_ARCH = YES;
				SDKROOT = iphoneos;
				SWIFT_ACTIVE_COMPILATION_CONDITIONS = "DEBUG $(inherited)";
				SWIFT_OPTIMIZATION_LEVEL = "-Onone";
			};
			name = Debug;
		};
		637942BC2DD39BFF0081907D /* Release */ = {
			isa = XCBuildConfiguration;
			baseConfigurationReferenceAnchor = 6379429B2DD39BFE0081907D /* MarvelDeck */;
			baseConfigurationReferenceRelativePath = "Supporting Files/Configuration.xcconfig";
			buildSettings = {
				ALWAYS_SEARCH_USER_PATHS = NO;
				ASSETCATALOG_COMPILER_GENERATE_SWIFT_ASSET_SYMBOL_EXTENSIONS = YES;
				CLANG_ANALYZER_NONNULL = YES;
				CLANG_ANALYZER_NUMBER_OBJECT_CONVERSION = YES_AGGRESSIVE;
				CLANG_CXX_LANGUAGE_STANDARD = "gnu++20";
				CLANG_ENABLE_MODULES = YES;
				CLANG_ENABLE_OBJC_ARC = YES;
				CLANG_ENABLE_OBJC_WEAK = YES;
				CLANG_WARN_BLOCK_CAPTURE_AUTORELEASING = YES;
				CLANG_WARN_BOOL_CONVERSION = YES;
				CLANG_WARN_COMMA = YES;
				CLANG_WARN_CONSTANT_CONVERSION = YES;
				CLANG_WARN_DEPRECATED_OBJC_IMPLEMENTATIONS = YES;
				CLANG_WARN_DIRECT_OBJC_ISA_USAGE = YES_ERROR;
				CLANG_WARN_DOCUMENTATION_COMMENTS = YES;
				CLANG_WARN_EMPTY_BODY = YES;
				CLANG_WARN_ENUM_CONVERSION = YES;
				CLANG_WARN_INFINITE_RECURSION = YES;
				CLANG_WARN_INT_CONVERSION = YES;
				CLANG_WARN_NON_LITERAL_NULL_CONVERSION = YES;
				CLANG_WARN_OBJC_IMPLICIT_RETAIN_SELF = YES;
				CLANG_WARN_OBJC_LITERAL_CONVERSION = YES;
				CLANG_WARN_OBJC_ROOT_CLASS = YES_ERROR;
				CLANG_WARN_QUOTED_INCLUDE_IN_FRAMEWORK_HEADER = YES;
				CLANG_WARN_RANGE_LOOP_ANALYSIS = YES;
				CLANG_WARN_STRICT_PROTOTYPES = YES;
				CLANG_WARN_SUSPICIOUS_MOVE = YES;
				CLANG_WARN_UNGUARDED_AVAILABILITY = YES_AGGRESSIVE;
				CLANG_WARN_UNREACHABLE_CODE = YES;
				CLANG_WARN__DUPLICATE_METHOD_MATCH = YES;
				COPY_PHASE_STRIP = NO;
				DEBUG_INFORMATION_FORMAT = "dwarf-with-dsym";
				ENABLE_NS_ASSERTIONS = NO;
				ENABLE_STRICT_OBJC_MSGSEND = YES;
				ENABLE_USER_SCRIPT_SANDBOXING = YES;
				GCC_C_LANGUAGE_STANDARD = gnu17;
				GCC_NO_COMMON_BLOCKS = YES;
				GCC_WARN_64_TO_32_BIT_CONVERSION = YES;
				GCC_WARN_ABOUT_RETURN_TYPE = YES_ERROR;
				GCC_WARN_UNDECLARED_SELECTOR = YES;
				GCC_WARN_UNINITIALIZED_AUTOS = YES_AGGRESSIVE;
				GCC_WARN_UNUSED_FUNCTION = YES;
				GCC_WARN_UNUSED_VARIABLE = YES;
				IPHONEOS_DEPLOYMENT_TARGET = 18.2;
				LOCALIZATION_PREFERS_STRING_CATALOGS = YES;
				MTL_ENABLE_DEBUG_INFO = NO;
				MTL_FAST_MATH = YES;
				SDKROOT = iphoneos;
				SWIFT_COMPILATION_MODE = wholemodule;
				VALIDATE_PRODUCT = YES;
			};
			name = Release;
		};
		637942BE2DD39BFF0081907D /* Debug */ = {
			isa = XCBuildConfiguration;
			buildSettings = {
				ASSETCATALOG_COMPILER_APPICON_NAME = AppIcon;
				ASSETCATALOG_COMPILER_GLOBAL_ACCENT_COLOR_NAME = AccentColor;
				CODE_SIGN_STYLE = Automatic;
				CURRENT_PROJECT_VERSION = 1;
				DEVELOPMENT_ASSET_PATHS = "\"MarvelDeck/Preview Content\"";
				DEVELOPMENT_TEAM = 2KLV3F3TB7;
				ENABLE_PREVIEWS = YES;
				GENERATE_INFOPLIST_FILE = YES;
				INFOPLIST_FILE = MarvelDeck/Info.plist;
				INFOPLIST_KEY_UIApplicationSceneManifest_Generation = YES;
				INFOPLIST_KEY_UIApplicationSupportsIndirectInputEvents = YES;
				INFOPLIST_KEY_UILaunchScreen_Generation = YES;
				INFOPLIST_KEY_UISupportedInterfaceOrientations_iPad = "UIInterfaceOrientationPortrait UIInterfaceOrientationPortraitUpsideDown UIInterfaceOrientationLandscapeLeft UIInterfaceOrientationLandscapeRight";
				INFOPLIST_KEY_UISupportedInterfaceOrientations_iPhone = "UIInterfaceOrientationPortrait UIInterfaceOrientationLandscapeLeft UIInterfaceOrientationLandscapeRight";
				LD_RUNPATH_SEARCH_PATHS = (
					"$(inherited)",
					"@executable_path/Frameworks",
				);
				MARKETING_VERSION = 1.0;
				PRODUCT_BUNDLE_IDENTIFIER = com.meganwiemer.MarvelDeck;
				PRODUCT_NAME = "$(TARGET_NAME)";
				SWIFT_EMIT_LOC_STRINGS = YES;
				SWIFT_VERSION = 5.0;
				TARGETED_DEVICE_FAMILY = "1,2";
			};
			name = Debug;
		};
		637942BF2DD39BFF0081907D /* Release */ = {
			isa = XCBuildConfiguration;
			buildSettings = {
				ASSETCATALOG_COMPILER_APPICON_NAME = AppIcon;
				ASSETCATALOG_COMPILER_GLOBAL_ACCENT_COLOR_NAME = AccentColor;
				CODE_SIGN_STYLE = Automatic;
				CURRENT_PROJECT_VERSION = 1;
				DEVELOPMENT_ASSET_PATHS = "\"MarvelDeck/Preview Content\"";
				DEVELOPMENT_TEAM = 2KLV3F3TB7;
				ENABLE_PREVIEWS = YES;
				GENERATE_INFOPLIST_FILE = YES;
				INFOPLIST_FILE = MarvelDeck/Info.plist;
				INFOPLIST_KEY_UIApplicationSceneManifest_Generation = YES;
				INFOPLIST_KEY_UIApplicationSupportsIndirectInputEvents = YES;
				INFOPLIST_KEY_UILaunchScreen_Generation = YES;
				INFOPLIST_KEY_UISupportedInterfaceOrientations_iPad = "UIInterfaceOrientationPortrait UIInterfaceOrientationPortraitUpsideDown UIInterfaceOrientationLandscapeLeft UIInterfaceOrientationLandscapeRight";
				INFOPLIST_KEY_UISupportedInterfaceOrientations_iPhone = "UIInterfaceOrientationPortrait UIInterfaceOrientationLandscapeLeft UIInterfaceOrientationLandscapeRight";
				LD_RUNPATH_SEARCH_PATHS = (
					"$(inherited)",
					"@executable_path/Frameworks",
				);
				MARKETING_VERSION = 1.0;
				PRODUCT_BUNDLE_IDENTIFIER = com.meganwiemer.MarvelDeck;
				PRODUCT_NAME = "$(TARGET_NAME)";
				SWIFT_EMIT_LOC_STRINGS = YES;
				SWIFT_VERSION = 5.0;
				TARGETED_DEVICE_FAMILY = "1,2";
			};
			name = Release;
		};
		637942C12DD39BFF0081907D /* Debug */ = {
			isa = XCBuildConfiguration;
			buildSettings = {
				BUNDLE_LOADER = "$(TEST_HOST)";
				CODE_SIGN_STYLE = Automatic;
				CURRENT_PROJECT_VERSION = 1;
				DEVELOPMENT_TEAM = 2KLV3F3TB7;
				GENERATE_INFOPLIST_FILE = YES;
				IPHONEOS_DEPLOYMENT_TARGET = 18.2;
				MARKETING_VERSION = 1.0;
				PRODUCT_BUNDLE_IDENTIFIER = com.meganwiemer.MarvelDeckTests;
				PRODUCT_NAME = "$(TARGET_NAME)";
				SWIFT_EMIT_LOC_STRINGS = NO;
				SWIFT_VERSION = 5.0;
				TARGETED_DEVICE_FAMILY = "1,2";
				TEST_HOST = "$(BUILT_PRODUCTS_DIR)/MarvelDeck.app/$(BUNDLE_EXECUTABLE_FOLDER_PATH)/MarvelDeck";
			};
			name = Debug;
		};
		637942C22DD39BFF0081907D /* Release */ = {
			isa = XCBuildConfiguration;
			buildSettings = {
				BUNDLE_LOADER = "$(TEST_HOST)";
				CODE_SIGN_STYLE = Automatic;
				CURRENT_PROJECT_VERSION = 1;
				DEVELOPMENT_TEAM = 2KLV3F3TB7;
				GENERATE_INFOPLIST_FILE = YES;
				IPHONEOS_DEPLOYMENT_TARGET = 18.2;
				MARKETING_VERSION = 1.0;
				PRODUCT_BUNDLE_IDENTIFIER = com.meganwiemer.MarvelDeckTests;
				PRODUCT_NAME = "$(TARGET_NAME)";
				SWIFT_EMIT_LOC_STRINGS = NO;
				SWIFT_VERSION = 5.0;
				TARGETED_DEVICE_FAMILY = "1,2";
				TEST_HOST = "$(BUILT_PRODUCTS_DIR)/MarvelDeck.app/$(BUNDLE_EXECUTABLE_FOLDER_PATH)/MarvelDeck";
			};
			name = Release;
		};
		637942C42DD39BFF0081907D /* Debug */ = {
			isa = XCBuildConfiguration;
			buildSettings = {
				CODE_SIGN_STYLE = Automatic;
				CURRENT_PROJECT_VERSION = 1;
				DEVELOPMENT_TEAM = 2KLV3F3TB7;
				GENERATE_INFOPLIST_FILE = YES;
				MARKETING_VERSION = 1.0;
				PRODUCT_BUNDLE_IDENTIFIER = com.meganwiemer.MarvelDeckUITests;
				PRODUCT_NAME = "$(TARGET_NAME)";
				SWIFT_EMIT_LOC_STRINGS = NO;
				SWIFT_VERSION = 5.0;
				TARGETED_DEVICE_FAMILY = "1,2";
				TEST_TARGET_NAME = MarvelDeck;
			};
			name = Debug;
		};
		637942C52DD39BFF0081907D /* Release */ = {
			isa = XCBuildConfiguration;
			buildSettings = {
				CODE_SIGN_STYLE = Automatic;
				CURRENT_PROJECT_VERSION = 1;
				DEVELOPMENT_TEAM = 2KLV3F3TB7;
				GENERATE_INFOPLIST_FILE = YES;
				MARKETING_VERSION = 1.0;
				PRODUCT_BUNDLE_IDENTIFIER = com.meganwiemer.MarvelDeckUITests;
				PRODUCT_NAME = "$(TARGET_NAME)";
				SWIFT_EMIT_LOC_STRINGS = NO;
				SWIFT_VERSION = 5.0;
				TARGETED_DEVICE_FAMILY = "1,2";
				TEST_TARGET_NAME = MarvelDeck;
			};
			name = Release;
		};
/* End XCBuildConfiguration section */

/* Begin XCConfigurationList section */
		637942942DD39BFE0081907D /* Build configuration list for PBXProject "MarvelDeck" */ = {
			isa = XCConfigurationList;
			buildConfigurations = (
				637942BB2DD39BFF0081907D /* Debug */,
				637942BC2DD39BFF0081907D /* Release */,
			);
			defaultConfigurationIsVisible = 0;
			defaultConfigurationName = Release;
		};
		637942BD2DD39BFF0081907D /* Build configuration list for PBXNativeTarget "MarvelDeck" */ = {
			isa = XCConfigurationList;
			buildConfigurations = (
				637942BE2DD39BFF0081907D /* Debug */,
				637942BF2DD39BFF0081907D /* Release */,
			);
			defaultConfigurationIsVisible = 0;
			defaultConfigurationName = Release;
		};
		637942C02DD39BFF0081907D /* Build configuration list for PBXNativeTarget "MarvelDeckTests" */ = {
			isa = XCConfigurationList;
			buildConfigurations = (
				637942C12DD39BFF0081907D /* Debug */,
				637942C22DD39BFF0081907D /* Release */,
			);
			defaultConfigurationIsVisible = 0;
			defaultConfigurationName = Release;
		};
		637942C32DD39BFF0081907D /* Build configuration list for PBXNativeTarget "MarvelDeckUITests" */ = {
			isa = XCConfigurationList;
			buildConfigurations = (
				637942C42DD39BFF0081907D /* Debug */,
				637942C52DD39BFF0081907D /* Release */,
			);
			defaultConfigurationIsVisible = 0;
			defaultConfigurationName = Release;
		};
/* End XCConfigurationList section */
	};
	rootObject = 637942912DD39BFE0081907D /* Project object */;
}
